
Microsoft Visual Studio Solution File, Format Version 11.00
# Visual Studio 2010
Project("{FAE04EC0-301F-11D3-BF4B-00C04F79EFBC}") = "EvilSticks", "EvilSticks\EvilSticks.csproj", "{28F11801-9550-4750-9672-496DEE368080}"
	ProjectSection(ProjectDependencies) = postProject
		{61D708A2-0FA8-4EC1-9532-CFC975838B55} = {61D708A2-0FA8-4EC1-9532-CFC975838B55}
	EndProjectSection
EndProject
Project("{FAE04EC0-301F-11D3-BF4B-00C04F79EFBC}") = "EvilSticks.Web", "EvilSticks.Web\EvilSticks.Web.csproj", "{61D708A2-0FA8-4EC1-9532-CFC975838B55}"
EndProject
Project("{FAE04EC0-301F-11D3-BF4B-00C04F79EFBC}") = "Game", "Game\Game.csproj", "{836EF855-4A8D-4BE9-B057-51F939F85B3F}"
EndProject
Global
	GlobalSection(SolutionConfigurationPlatforms) = preSolution
		Debug|Any CPU = Debug|Any CPU
		Release|Any CPU = Release|Any CPU
	EndGlobalSection
	GlobalSection(ProjectConfigurationPlatforms) = postSolution
		{28F11801-9550-4750-9672-496DEE368080}.Debug|Any CPU.ActiveCfg = Debug|Any CPU
		{28F11801-9550-4750-9672-496DEE368080}.Debug|Any CPU.Build.0 = Debug|Any CPU
		{28F11801-9550-4750-9672-496DEE368080}.Release|Any CPU.ActiveCfg = Release|Any CPU
		{28F11801-9550-4750-9672-496DEE368080}.Release|Any CPU.Build.0 = Release|Any CPU
		{61D708A2-0FA8-4EC1-9532-CFC975838B55}.Debug|Any CPU.ActiveCfg = Debug|Any CPU
		{61D708A2-0FA8-4EC1-9532-CFC975838B55}.Debug|Any CPU.Build.0 = Debug|Any CPU
		{61D708A2-0FA8-4EC1-9532-CFC975838B55}.Release|Any CPU.ActiveCfg = Release|Any CPU
		{61D708A2-0FA8-4EC1-9532-CFC975838B55}.Release|Any CPU.Build.0 = Release|Any CPU
		{836EF855-4A8D-4BE9-B057-51F939F85B3F}.Debug|Any CPU.ActiveCfg = Debug|Any CPU
		{836EF855-4A8D-4BE9-B057-51F939F85B3F}.Debug|Any CPU.Build.0 = Debug|Any CPU
		{836EF855-4A8D-4BE9-B057-51F939F85B3F}.Release|Any CPU.ActiveCfg = Release|Any CPU
		{836EF855-4A8D-4BE9-B057-51F939F85B3F}.Release|Any CPU.Build.0 = Release|Any CPU
	EndGlobalSection
	GlobalSection(SolutionProperties) = preSolution
		HideSolutionNode = FALSE
	EndGlobalSection
EndGlobal
